
Microsoft Visual Studio Solution File, Format Version 12.00
# Visual Studio Version 16
VisualStudioVersion = 16.0.31402.337
MinimumVisualStudioVersion = 10.0.40219.1
Project("{FAE04EC0-301F-11D3-BF4B-00C04F79EFBC}") = "Resources_In_Cache", "Resources_In_Cache\Resources_In_Cache.csproj", "{79F94A42-0FF2-460D-A0B8-00975266591E}"
EndProject
Global
	GlobalSection(SolutionConfigurationPlatforms) = preSolution
		Debug|Any CPU = Debug|Any CPU
		Release|Any CPU = Release|Any CPU
	EndGlobalSection
	GlobalSection(ProjectConfigurationPlatforms) = postSolution
		{79F94A42-0FF2-460D-A0B8-00975266591E}.Debug|Any CPU.ActiveCfg = Debug|Any CPU
		{79F94A42-0FF2-460D-A0B8-00975266591E}.Debug|Any CPU.Build.0 = Debug|Any CPU
		{79F94A42-0FF2-460D-A0B8-00975266591E}.Release|Any CPU.ActiveCfg = Release|Any CPU
		{79F94A42-0FF2-460D-A0B8-00975266591E}.Release|Any CPU.Build.0 = Release|Any CPU
	EndGlobalSection
	GlobalSection(SolutionProperties) = preSolution
		HideSolutionNode = FALSE
	EndGlobalSection
	GlobalSection(ExtensibilityGlobals) = postSolution
		SolutionGuid = {ED4CED0F-8461-4348-A2FB-5EAEC085B772}
	EndGlobalSection
EndGlobal
